
Microsoft Visual Studio Solution File, Format Version 12.00
# Visual Studio 2012
Project("{FAE04EC0-301F-11D3-BF4B-00C04F79EFBC}") = "Aho-Corasick Algorithm", "Aho-Corasick Algorithm\Aho-Corasick Algorithm.csproj", "{6688AE81-A3C4-4940-AB29-9D6A5BDBA88E}"
EndProject
Global
	GlobalSection(SolutionConfigurationPlatforms) = preSolution
		Debug|Any CPU = Debug|Any CPU
		Release|Any CPU = Release|Any CPU
	EndGlobalSection
	GlobalSection(ProjectConfigurationPlatforms) = postSolution
		{6688AE81-A3C4-4940-AB29-9D6A5BDBA88E}.Debug|Any CPU.ActiveCfg = Debug|Any CPU
		{6688AE81-A3C4-4940-AB29-9D6A5BDBA88E}.Debug|Any CPU.Build.0 = Debug|Any CPU
		{6688AE81-A3C4-4940-AB29-9D6A5BDBA88E}.Release|Any CPU.ActiveCfg = Release|Any CPU
		{6688AE81-A3C4-4940-AB29-9D6A5BDBA88E}.Release|Any CPU.Build.0 = Release|Any CPU
	EndGlobalSection
	GlobalSection(SolutionProperties) = preSolution
		HideSolutionNode = FALSE
	EndGlobalSection
EndGlobal
